
Microsoft Visual Studio Solution File, Format Version 12.00
# Visual Studio Version 16
VisualStudioVersion = 16.0.29709.97
MinimumVisualStudioVersion = 10.0.40219.1
Project("{F2A71F9B-5D33-465A-A702-920D77279786}") = "WebScrapingAjax", "WebScrapingAjax.fsproj", "{998C3E23-A26E-4627-B63C-D99D87CC4BE7}"
EndProject
Global
	GlobalSection(SolutionConfigurationPlatforms) = preSolution
		Debug|Any CPU = Debug|Any CPU
		Release|Any CPU = Release|Any CPU
	EndGlobalSection
	GlobalSection(ProjectConfigurationPlatforms) = postSolution
		{998C3E23-A26E-4627-B63C-D99D87CC4BE7}.Debug|Any CPU.ActiveCfg = Debug|Any CPU
		{998C3E23-A26E-4627-B63C-D99D87CC4BE7}.Debug|Any CPU.Build.0 = Debug|Any CPU
		{998C3E23-A26E-4627-B63C-D99D87CC4BE7}.Release|Any CPU.ActiveCfg = Release|Any CPU
		{998C3E23-A26E-4627-B63C-D99D87CC4BE7}.Release|Any CPU.Build.0 = Release|Any CPU
	EndGlobalSection
	GlobalSection(SolutionProperties) = preSolution
		HideSolutionNode = FALSE
	EndGlobalSection
	GlobalSection(ExtensibilityGlobals) = postSolution
		SolutionGuid = {92F59D64-0A51-449F-99B2-100EA877380D}
	EndGlobalSection
EndGlobal
